
Microsoft Visual Studio Solution File, Format Version 12.00
# Visual Studio Version 16
VisualStudioVersion = 16.0.30907.101
MinimumVisualStudioVersion = 10.0.40219.1
Project("{FAE04EC0-301F-11D3-BF4B-00C04F79EFBC}") = "Exercicio01", "Exercicio01\Exercicio01.csproj", "{39C63A31-1A17-4097-8C51-E5E7DDB7AC46}"
EndProject
Global
	GlobalSection(SolutionConfigurationPlatforms) = preSolution
		Debug|Any CPU = Debug|Any CPU
		Release|Any CPU = Release|Any CPU
	EndGlobalSection
	GlobalSection(ProjectConfigurationPlatforms) = postSolution
		{39C63A31-1A17-4097-8C51-E5E7DDB7AC46}.Debug|Any CPU.ActiveCfg = Debug|Any CPU
		{39C63A31-1A17-4097-8C51-E5E7DDB7AC46}.Debug|Any CPU.Build.0 = Debug|Any CPU
		{39C63A31-1A17-4097-8C51-E5E7DDB7AC46}.Release|Any CPU.ActiveCfg = Release|Any CPU
		{39C63A31-1A17-4097-8C51-E5E7DDB7AC46}.Release|Any CPU.Build.0 = Release|Any CPU
	EndGlobalSection
	GlobalSection(SolutionProperties) = preSolution
		HideSolutionNode = FALSE
	EndGlobalSection
	GlobalSection(ExtensibilityGlobals) = postSolution
		SolutionGuid = {B923D440-B689-4793-9980-83DC815F2048}
	EndGlobalSection
EndGlobal
