
Microsoft Visual Studio Solution File, Format Version 12.00
# Visual Studio Version 16
VisualStudioVersion = 16.0.30907.101
MinimumVisualStudioVersion = 10.0.40219.1
Project("{FAE04EC0-301F-11D3-BF4B-00C04F79EFBC}") = "Exercicio01", "Exercicio01\Exercicio01.csproj", "{AFE61979-9B10-4F65-9BDA-9A381275E28B}"
EndProject
Project("{FAE04EC0-301F-11D3-BF4B-00C04F79EFBC}") = "Exercicio02", "Exercicio02\Exercicio02.csproj", "{525D78C7-D44F-44C6-8FA5-C72D26D18283}"
EndProject
Project("{FAE04EC0-301F-11D3-BF4B-00C04F79EFBC}") = "Exercicio03", "Exercicio03\Exercicio03.csproj", "{621F0EE8-5043-4F4A-BDE4-3FA2CAF03924}"
EndProject
Project("{FAE04EC0-301F-11D3-BF4B-00C04F79EFBC}") = "Exercicio04", "Exercicio04\Exercicio04.csproj", "{501CF09A-D3C7-433E-802A-8309B15E42CD}"
EndProject
Project("{FAE04EC0-301F-11D3-BF4B-00C04F79EFBC}") = "Exercicio05", "Exercicio05\Exercicio05.csproj", "{17B97702-6F83-4D12-A735-422BAB2FC129}"
EndProject
Project("{FAE04EC0-301F-11D3-BF4B-00C04F79EFBC}") = "Exercicio06", "Exercicio06\Exercicio06.csproj", "{C8C80E94-0B81-4534-9169-1894810AE4BA}"
EndProject
Project("{FAE04EC0-301F-11D3-BF4B-00C04F79EFBC}") = "Exercicio07", "Exercicio07\Exercicio07.csproj", "{8A79A281-E267-4A50-B412-2D8A3F5EAD7E}"
EndProject
Global
	GlobalSection(SolutionConfigurationPlatforms) = preSolution
		Debug|Any CPU = Debug|Any CPU
		Release|Any CPU = Release|Any CPU
	EndGlobalSection
	GlobalSection(ProjectConfigurationPlatforms) = postSolution
		{AFE61979-9B10-4F65-9BDA-9A381275E28B}.Debug|Any CPU.ActiveCfg = Debug|Any CPU
		{AFE61979-9B10-4F65-9BDA-9A381275E28B}.Debug|Any CPU.Build.0 = Debug|Any CPU
		{AFE61979-9B10-4F65-9BDA-9A381275E28B}.Release|Any CPU.ActiveCfg = Release|Any CPU
		{AFE61979-9B10-4F65-9BDA-9A381275E28B}.Release|Any CPU.Build.0 = Release|Any CPU
		{525D78C7-D44F-44C6-8FA5-C72D26D18283}.Debug|Any CPU.ActiveCfg = Debug|Any CPU
		{525D78C7-D44F-44C6-8FA5-C72D26D18283}.Debug|Any CPU.Build.0 = Debug|Any CPU
		{525D78C7-D44F-44C6-8FA5-C72D26D18283}.Release|Any CPU.ActiveCfg = Release|Any CPU
		{525D78C7-D44F-44C6-8FA5-C72D26D18283}.Release|Any CPU.Build.0 = Release|Any CPU
		{621F0EE8-5043-4F4A-BDE4-3FA2CAF03924}.Debug|Any CPU.ActiveCfg = Debug|Any CPU
		{621F0EE8-5043-4F4A-BDE4-3FA2CAF03924}.Debug|Any CPU.Build.0 = Debug|Any CPU
		{621F0EE8-5043-4F4A-BDE4-3FA2CAF03924}.Release|Any CPU.ActiveCfg = Release|Any CPU
		{621F0EE8-5043-4F4A-BDE4-3FA2CAF03924}.Release|Any CPU.Build.0 = Release|Any CPU
		{501CF09A-D3C7-433E-802A-8309B15E42CD}.Debug|Any CPU.ActiveCfg = Debug|Any CPU
		{501CF09A-D3C7-433E-802A-8309B15E42CD}.Debug|Any CPU.Build.0 = Debug|Any CPU
		{501CF09A-D3C7-433E-802A-8309B15E42CD}.Release|Any CPU.ActiveCfg = Release|Any CPU
		{501CF09A-D3C7-433E-802A-8309B15E42CD}.Release|Any CPU.Build.0 = Release|Any CPU
		{17B97702-6F83-4D12-A735-422BAB2FC129}.Debug|Any CPU.ActiveCfg = Debug|Any CPU
		{17B97702-6F83-4D12-A735-422BAB2FC129}.Debug|Any CPU.Build.0 = Debug|Any CPU
		{17B97702-6F83-4D12-A735-422BAB2FC129}.Release|Any CPU.ActiveCfg = Release|Any CPU
		{17B97702-6F83-4D12-A735-422BAB2FC129}.Release|Any CPU.Build.0 = Release|Any CPU
		{C8C80E94-0B81-4534-9169-1894810AE4BA}.Debug|Any CPU.ActiveCfg = Debug|Any CPU
		{C8C80E94-0B81-4534-9169-1894810AE4BA}.Debug|Any CPU.Build.0 = Debug|Any CPU
		{C8C80E94-0B81-4534-9169-1894810AE4BA}.Release|Any CPU.ActiveCfg = Release|Any CPU
		{C8C80E94-0B81-4534-9169-1894810AE4BA}.Release|Any CPU.Build.0 = Release|Any CPU
		{8A79A281-E267-4A50-B412-2D8A3F5EAD7E}.Debug|Any CPU.ActiveCfg = Debug|Any CPU
		{8A79A281-E267-4A50-B412-2D8A3F5EAD7E}.Debug|Any CPU.Build.0 = Debug|Any CPU
		{8A79A281-E267-4A50-B412-2D8A3F5EAD7E}.Release|Any CPU.ActiveCfg = Release|Any CPU
		{8A79A281-E267-4A50-B412-2D8A3F5EAD7E}.Release|Any CPU.Build.0 = Release|Any CPU
	EndGlobalSection
	GlobalSection(SolutionProperties) = preSolution
		HideSolutionNode = FALSE
	EndGlobalSection
	GlobalSection(ExtensibilityGlobals) = postSolution
		SolutionGuid = {3950073E-5C0C-4F6C-A5FB-F025D2BCFFF4}
	EndGlobalSection
EndGlobal
