
Microsoft Visual Studio Solution File, Format Version 12.00
# Visual Studio Version 16
VisualStudioVersion = 16.0.30907.101
MinimumVisualStudioVersion = 10.0.40219.1
Project("{FAE04EC0-301F-11D3-BF4B-00C04F79EFBC}") = "Exercicio01", "Exercicio01\Exercicio01.csproj", "{AA62F699-F6B0-44D1-BED7-7DAC0E4FA4F5}"
EndProject
Project("{FAE04EC0-301F-11D3-BF4B-00C04F79EFBC}") = "Exercicio02", "Exercicio02\Exercicio02.csproj", "{1D86FB08-75BC-4432-A472-F05CFB7BBC6B}"
EndProject
Project("{FAE04EC0-301F-11D3-BF4B-00C04F79EFBC}") = "Exercicio03", "Exercicio03\Exercicio03.csproj", "{A33627DE-5644-4E1B-A932-759EFA0424B8}"
EndProject
Project("{FAE04EC0-301F-11D3-BF4B-00C04F79EFBC}") = "Exercicio04", "Exercicio04\Exercicio04.csproj", "{EB442331-7191-4AE7-9262-7623B08CAE57}"
EndProject
Project("{FAE04EC0-301F-11D3-BF4B-00C04F79EFBC}") = "Exercicio05", "Exercicio05\Exercicio05.csproj", "{81339883-464E-4528-A988-16B999C50AF5}"
EndProject
Global
	GlobalSection(SolutionConfigurationPlatforms) = preSolution
		Debug|Any CPU = Debug|Any CPU
		Release|Any CPU = Release|Any CPU
	EndGlobalSection
	GlobalSection(ProjectConfigurationPlatforms) = postSolution
		{AA62F699-F6B0-44D1-BED7-7DAC0E4FA4F5}.Debug|Any CPU.ActiveCfg = Debug|Any CPU
		{AA62F699-F6B0-44D1-BED7-7DAC0E4FA4F5}.Debug|Any CPU.Build.0 = Debug|Any CPU
		{AA62F699-F6B0-44D1-BED7-7DAC0E4FA4F5}.Release|Any CPU.ActiveCfg = Release|Any CPU
		{AA62F699-F6B0-44D1-BED7-7DAC0E4FA4F5}.Release|Any CPU.Build.0 = Release|Any CPU
		{1D86FB08-75BC-4432-A472-F05CFB7BBC6B}.Debug|Any CPU.ActiveCfg = Debug|Any CPU
		{1D86FB08-75BC-4432-A472-F05CFB7BBC6B}.Debug|Any CPU.Build.0 = Debug|Any CPU
		{1D86FB08-75BC-4432-A472-F05CFB7BBC6B}.Release|Any CPU.ActiveCfg = Release|Any CPU
		{1D86FB08-75BC-4432-A472-F05CFB7BBC6B}.Release|Any CPU.Build.0 = Release|Any CPU
		{A33627DE-5644-4E1B-A932-759EFA0424B8}.Debug|Any CPU.ActiveCfg = Debug|Any CPU
		{A33627DE-5644-4E1B-A932-759EFA0424B8}.Debug|Any CPU.Build.0 = Debug|Any CPU
		{A33627DE-5644-4E1B-A932-759EFA0424B8}.Release|Any CPU.ActiveCfg = Release|Any CPU
		{A33627DE-5644-4E1B-A932-759EFA0424B8}.Release|Any CPU.Build.0 = Release|Any CPU
		{EB442331-7191-4AE7-9262-7623B08CAE57}.Debug|Any CPU.ActiveCfg = Debug|Any CPU
		{EB442331-7191-4AE7-9262-7623B08CAE57}.Debug|Any CPU.Build.0 = Debug|Any CPU
		{EB442331-7191-4AE7-9262-7623B08CAE57}.Release|Any CPU.ActiveCfg = Release|Any CPU
		{EB442331-7191-4AE7-9262-7623B08CAE57}.Release|Any CPU.Build.0 = Release|Any CPU
		{81339883-464E-4528-A988-16B999C50AF5}.Debug|Any CPU.ActiveCfg = Debug|Any CPU
		{81339883-464E-4528-A988-16B999C50AF5}.Debug|Any CPU.Build.0 = Debug|Any CPU
		{81339883-464E-4528-A988-16B999C50AF5}.Release|Any CPU.ActiveCfg = Release|Any CPU
		{81339883-464E-4528-A988-16B999C50AF5}.Release|Any CPU.Build.0 = Release|Any CPU
	EndGlobalSection
	GlobalSection(SolutionProperties) = preSolution
		HideSolutionNode = FALSE
	EndGlobalSection
	GlobalSection(ExtensibilityGlobals) = postSolution
		SolutionGuid = {F2F65544-76D4-4C14-B4C2-16C726D85C20}
	EndGlobalSection
EndGlobal
